// !$*UTF8*$!
{
	archiveVersion = 1;
	classes = {
	};
	objectVersion = 56;
	objects = {

/* Begin PBXBuildFile section */
		556242EF29D45DE800655927 /* SoundPlayer.swift in Sources */ = {isa = PBXBuildFile; fileRef = 556242EE29D45DE800655927 /* SoundPlayer.swift */; };
		556242F729D48B3500655927 /* WidgetKit.framework in Frameworks */ = {isa = PBXBuildFile; fileRef = 556242F629D48B3500655927 /* WidgetKit.framework */; };
		556242F929D48B3500655927 /* SwiftUI.framework in Frameworks */ = {isa = PBXBuildFile; fileRef = 556242F829D48B3500655927 /* SwiftUI.framework */; };
		556242FC29D48B3500655927 /* DevoteWidgetBundle.swift in Sources */ = {isa = PBXBuildFile; fileRef = 556242FB29D48B3500655927 /* DevoteWidgetBundle.swift */; };
		556242FE29D48B3500655927 /* DevoteWidget.swift in Sources */ = {isa = PBXBuildFile; fileRef = 556242FD29D48B3500655927 /* DevoteWidget.swift */; };
		5562430029D48B3600655927 /* Assets.xcassets in Resources */ = {isa = PBXBuildFile; fileRef = 556242FF29D48B3600655927 /* Assets.xcassets */; };
		5562430429D48B3600655927 /* DevoteWidgetExtension.appex in Embed Foundation Extensions */ = {isa = PBXBuildFile; fileRef = 556242F429D48B3500655927 /* DevoteWidgetExtension.appex */; settings = {ATTRIBUTES = (RemoveHeadersOnCopy, ); }; };
		5562430929D490FA00655927 /* Assets.xcassets in Resources */ = {isa = PBXBuildFile; fileRef = 55AB88B529D30E0D00B8CEDE /* Assets.xcassets */; };
		5562430A29D4918D00655927 /* Constants.swift in Sources */ = {isa = PBXBuildFile; fileRef = 55AB88D529D3300A00B8CEDE /* Constants.swift */; };
		55AB88B229D30E0C00B8CEDE /* DevoteApp.swift in Sources */ = {isa = PBXBuildFile; fileRef = 55AB88B129D30E0C00B8CEDE /* DevoteApp.swift */; };
		55AB88B429D30E0C00B8CEDE /* ContentView.swift in Sources */ = {isa = PBXBuildFile; fileRef = 55AB88B329D30E0C00B8CEDE /* ContentView.swift */; };
		55AB88B629D30E0D00B8CEDE /* Assets.xcassets in Resources */ = {isa = PBXBuildFile; fileRef = 55AB88B529D30E0D00B8CEDE /* Assets.xcassets */; };
		55AB88B929D30E0D00B8CEDE /* Preview Assets.xcassets in Resources */ = {isa = PBXBuildFile; fileRef = 55AB88B829D30E0D00B8CEDE /* Preview Assets.xcassets */; };
		55AB88BB29D30E0D00B8CEDE /* Persistence.swift in Sources */ = {isa = PBXBuildFile; fileRef = 55AB88BA29D30E0D00B8CEDE /* Persistence.swift */; };
		55AB88BE29D30E0D00B8CEDE /* Devote.xcdatamodeld in Sources */ = {isa = PBXBuildFile; fileRef = 55AB88BC29D30E0D00B8CEDE /* Devote.xcdatamodeld */; };
		55AB88C829D310F000B8CEDE /* sound-rise.mp3 in Resources */ = {isa = PBXBuildFile; fileRef = 55AB88C529D310EF00B8CEDE /* sound-rise.mp3 */; };
		55AB88C929D310F000B8CEDE /* sound-tap.mp3 in Resources */ = {isa = PBXBuildFile; fileRef = 55AB88C629D310F000B8CEDE /* sound-tap.mp3 */; };
		55AB88CA29D310F000B8CEDE /* sound-ding.mp3 in Resources */ = {isa = PBXBuildFile; fileRef = 55AB88C729D310F000B8CEDE /* sound-ding.mp3 */; };
		55AB88D629D3300A00B8CEDE /* Constants.swift in Sources */ = {isa = PBXBuildFile; fileRef = 55AB88D529D3300A00B8CEDE /* Constants.swift */; };
		55AB88D829D373CB00B8CEDE /* HideKeyboardExtension.swift in Sources */ = {isa = PBXBuildFile; fileRef = 55AB88D729D373CB00B8CEDE /* HideKeyboardExtension.swift */; };
		55AB88DA29D38C6E00B8CEDE /* BackgroundImageView.swift in Sources */ = {isa = PBXBuildFile; fileRef = 55AB88D929D38C6E00B8CEDE /* BackgroundImageView.swift */; };
		55AB88DC29D38E6200B8CEDE /* NewTaskItemView.swift in Sources */ = {isa = PBXBuildFile; fileRef = 55AB88DB29D38E6200B8CEDE /* NewTaskItemView.swift */; };
		55AB88E029D3947C00B8CEDE /* BlankView.swift in Sources */ = {isa = PBXBuildFile; fileRef = 55AB88DF29D3947C00B8CEDE /* BlankView.swift */; };
		55AB88E229D3B7AF00B8CEDE /* ListRowItemView.swift in Sources */ = {isa = PBXBuildFile; fileRef = 55AB88E129D3B7AF00B8CEDE /* ListRowItemView.swift */; };
		55AB88E429D3BB3C00B8CEDE /* CheckboxStyle.swift in Sources */ = {isa = PBXBuildFile; fileRef = 55AB88E329D3BB3C00B8CEDE /* CheckboxStyle.swift */; };
/* End PBXBuildFile section */

/* Begin PBXContainerItemProxy section */
		5562430229D48B3600655927 /* PBXContainerItemProxy */ = {
			isa = PBXContainerItemProxy;
			containerPortal = 55AB88A629D30E0C00B8CEDE /* Project object */;
			proxyType = 1;
			remoteGlobalIDString = 556242F329D48B3500655927;
			remoteInfo = DevoteWidgetExtension;
		};
/* End PBXContainerItemProxy section */

/* Begin PBXCopyFilesBuildPhase section */
		5562430829D48B3600655927 /* Embed Foundation Extensions */ = {
			isa = PBXCopyFilesBuildPhase;
			buildActionMask = 2147483647;
			dstPath = "";
			dstSubfolderSpec = 13;
			files = (
				5562430429D48B3600655927 /* DevoteWidgetExtension.appex in Embed Foundation Extensions */,
			);
			name = "Embed Foundation Extensions";
			runOnlyForDeploymentPostprocessing = 0;
		};
/* End PBXCopyFilesBuildPhase section */

/* Begin PBXFileReference section */
		556242EE29D45DE800655927 /* SoundPlayer.swift */ = {isa = PBXFileReference; lastKnownFileType = sourcecode.swift; path = SoundPlayer.swift; sourceTree = "<group>"; };
		556242F429D48B3500655927 /* DevoteWidgetExtension.appex */ = {isa = PBXFileReference; explicitFileType = "wrapper.app-extension"; includeInIndex = 0; path = DevoteWidgetExtension.appex; sourceTree = BUILT_PRODUCTS_DIR; };
		556242F629D48B3500655927 /* WidgetKit.framework */ = {isa = PBXFileReference; lastKnownFileType = wrapper.framework; name = WidgetKit.framework; path = System/Library/Frameworks/WidgetKit.framework; sourceTree = SDKROOT; };
		556242F829D48B3500655927 /* SwiftUI.framework */ = {isa = PBXFileReference; lastKnownFileType = wrapper.framework; name = SwiftUI.framework; path = System/Library/Frameworks/SwiftUI.framework; sourceTree = SDKROOT; };
		556242FB29D48B3500655927 /* DevoteWidgetBundle.swift */ = {isa = PBXFileReference; lastKnownFileType = sourcecode.swift; path = DevoteWidgetBundle.swift; sourceTree = "<group>"; };
		556242FD29D48B3500655927 /* DevoteWidget.swift */ = {isa = PBXFileReference; lastKnownFileType = sourcecode.swift; path = DevoteWidget.swift; sourceTree = "<group>"; };
		556242FF29D48B3600655927 /* Assets.xcassets */ = {isa = PBXFileReference; lastKnownFileType = folder.assetcatalog; path = Assets.xcassets; sourceTree = "<group>"; };
		5562430129D48B3600655927 /* Info.plist */ = {isa = PBXFileReference; lastKnownFileType = text.plist.xml; path = Info.plist; sourceTree = "<group>"; };
		55AB88AE29D30E0C00B8CEDE /* Devote.app */ = {isa = PBXFileReference; explicitFileType = wrapper.application; includeInIndex = 0; path = Devote.app; sourceTree = BUILT_PRODUCTS_DIR; };
		55AB88B129D30E0C00B8CEDE /* DevoteApp.swift */ = {isa = PBXFileReference; lastKnownFileType = sourcecode.swift; path = DevoteApp.swift; sourceTree = "<group>"; };
		55AB88B329D30E0C00B8CEDE /* ContentView.swift */ = {isa = PBXFileReference; lastKnownFileType = sourcecode.swift; path = ContentView.swift; sourceTree = "<group>"; };
		55AB88B529D30E0D00B8CEDE /* Assets.xcassets */ = {isa = PBXFileReference; lastKnownFileType = folder.assetcatalog; path = Assets.xcassets; sourceTree = "<group>"; };
		55AB88B829D30E0D00B8CEDE /* Preview Assets.xcassets */ = {isa = PBXFileReference; lastKnownFileType = folder.assetcatalog; path = "Preview Assets.xcassets"; sourceTree = "<group>"; };
		55AB88BA29D30E0D00B8CEDE /* Persistence.swift */ = {isa = PBXFileReference; lastKnownFileType = sourcecode.swift; path = Persistence.swift; sourceTree = "<group>"; };
		55AB88BD29D30E0D00B8CEDE /* Devote.xcdatamodel */ = {isa = PBXFileReference; lastKnownFileType = wrapper.xcdatamodel; path = Devote.xcdatamodel; sourceTree = "<group>"; };
		55AB88C529D310EF00B8CEDE /* sound-rise.mp3 */ = {isa = PBXFileReference; lastKnownFileType = audio.mp3; path = "sound-rise.mp3"; sourceTree = "<group>"; };
		55AB88C629D310F000B8CEDE /* sound-tap.mp3 */ = {isa = PBXFileReference; lastKnownFileType = audio.mp3; path = "sound-tap.mp3"; sourceTree = "<group>"; };
		55AB88C729D310F000B8CEDE /* sound-ding.mp3 */ = {isa = PBXFileReference; lastKnownFileType = audio.mp3; path = "sound-ding.mp3"; sourceTree = "<group>"; };
		55AB88D029D3140F00B8CEDE /* Info.plist */ = {isa = PBXFileReference; lastKnownFileType = text.plist; path = Info.plist; sourceTree = "<group>"; };
		55AB88D529D3300A00B8CEDE /* Constants.swift */ = {isa = PBXFileReference; lastKnownFileType = sourcecode.swift; path = Constants.swift; sourceTree = "<group>"; };
		55AB88D729D373CB00B8CEDE /* HideKeyboardExtension.swift */ = {isa = PBXFileReference; lastKnownFileType = sourcecode.swift; path = HideKeyboardExtension.swift; sourceTree = "<group>"; };
		55AB88D929D38C6E00B8CEDE /* BackgroundImageView.swift */ = {isa = PBXFileReference; lastKnownFileType = sourcecode.swift; path = BackgroundImageView.swift; sourceTree = "<group>"; };
		55AB88DB29D38E6200B8CEDE /* NewTaskItemView.swift */ = {isa = PBXFileReference; lastKnownFileType = sourcecode.swift; path = NewTaskItemView.swift; sourceTree = "<group>"; };
		55AB88DF29D3947C00B8CEDE /* BlankView.swift */ = {isa = PBXFileReference; lastKnownFileType = sourcecode.swift; path = BlankView.swift; sourceTree = "<group>"; };
		55AB88E129D3B7AF00B8CEDE /* ListRowItemView.swift */ = {isa = PBXFileReference; lastKnownFileType = sourcecode.swift; path = ListRowItemView.swift; sourceTree = "<group>"; };
		55AB88E329D3BB3C00B8CEDE /* CheckboxStyle.swift */ = {isa = PBXFileReference; lastKnownFileType = sourcecode.swift; path = CheckboxStyle.swift; sourceTree = "<group>"; };
/* End PBXFileReference section */

/* Begin PBXFrameworksBuildPhase section */
		556242F129D48B3500655927 /* Frameworks */ = {
			isa = PBXFrameworksBuildPhase;
			buildActionMask = 2147483647;
			files = (
				556242F929D48B3500655927 /* SwiftUI.framework in Frameworks */,
				556242F729D48B3500655927 /* WidgetKit.framework in Frameworks */,
			);
			runOnlyForDeploymentPostprocessing = 0;
		};
		55AB88AB29D30E0C00B8CEDE /* Frameworks */ = {
			isa = PBXFrameworksBuildPhase;
			buildActionMask = 2147483647;
			files = (
			);
			runOnlyForDeploymentPostprocessing = 0;
		};
/* End PBXFrameworksBuildPhase section */

/* Begin PBXGroup section */
		556242F529D48B3500655927 /* Frameworks */ = {
			isa = PBXGroup;
			children = (
				556242F629D48B3500655927 /* WidgetKit.framework */,
				556242F829D48B3500655927 /* SwiftUI.framework */,
			);
			name = Frameworks;
			sourceTree = "<group>";
		};
		556242FA29D48B3500655927 /* DevoteWidget */ = {
			isa = PBXGroup;
			children = (
				556242FB29D48B3500655927 /* DevoteWidgetBundle.swift */,
				556242FD29D48B3500655927 /* DevoteWidget.swift */,
				556242FF29D48B3600655927 /* Assets.xcassets */,
				5562430129D48B3600655927 /* Info.plist */,
			);
			path = DevoteWidget;
			sourceTree = "<group>";
		};
		55AB88A529D30E0C00B8CEDE = {
			isa = PBXGroup;
			children = (
				55AB88B029D30E0C00B8CEDE /* Devote */,
				556242FA29D48B3500655927 /* DevoteWidget */,
				556242F529D48B3500655927 /* Frameworks */,
				55AB88AF29D30E0C00B8CEDE /* Products */,
			);
			sourceTree = "<group>";
		};
		55AB88AF29D30E0C00B8CEDE /* Products */ = {
			isa = PBXGroup;
			children = (
				55AB88AE29D30E0C00B8CEDE /* Devote.app */,
				556242F429D48B3500655927 /* DevoteWidgetExtension.appex */,
			);
			name = Products;
			sourceTree = "<group>";
		};
		55AB88B029D30E0C00B8CEDE /* Devote */ = {
			isa = PBXGroup;
			children = (
				55AB88B129D30E0C00B8CEDE /* DevoteApp.swift */,
				55AB88D029D3140F00B8CEDE /* Info.plist */,
				55AB88CE29D3113500B8CEDE /* Styles */,
				55AB88CD29D3112B00B8CEDE /* Utilities */,
				55AB88CC29D3112400B8CEDE /* Extensions */,
				55AB88C429D310E300B8CEDE /* Sounds */,
				55AB88CB29D3111E00B8CEDE /* Views */,
				55AB88B529D30E0D00B8CEDE /* Assets.xcassets */,
				55AB88CF29D3115700B8CEDE /* Models */,
				55AB88B729D30E0D00B8CEDE /* Preview Content */,
			);
			path = Devote;
			sourceTree = "<group>";
		};
		55AB88B729D30E0D00B8CEDE /* Preview Content */ = {
			isa = PBXGroup;
			children = (
				55AB88B829D30E0D00B8CEDE /* Preview Assets.xcassets */,
			);
			path = "Preview Content";
			sourceTree = "<group>";
		};
		55AB88C429D310E300B8CEDE /* Sounds */ = {
			isa = PBXGroup;
			children = (
				55AB88C729D310F000B8CEDE /* sound-ding.mp3 */,
				55AB88C529D310EF00B8CEDE /* sound-rise.mp3 */,
				55AB88C629D310F000B8CEDE /* sound-tap.mp3 */,
			);
			path = Sounds;
			sourceTree = "<group>";
		};
		55AB88CB29D3111E00B8CEDE /* Views */ = {
			isa = PBXGroup;
			children = (
				55AB88B329D30E0C00B8CEDE /* ContentView.swift */,
				55AB88D929D38C6E00B8CEDE /* BackgroundImageView.swift */,
				55AB88DB29D38E6200B8CEDE /* NewTaskItemView.swift */,
				55AB88DF29D3947C00B8CEDE /* BlankView.swift */,
				55AB88E129D3B7AF00B8CEDE /* ListRowItemView.swift */,
			);
			path = Views;
			sourceTree = "<group>";
		};
		55AB88CC29D3112400B8CEDE /* Extensions */ = {
			isa = PBXGroup;
			children = (
				55AB88D729D373CB00B8CEDE /* HideKeyboardExtension.swift */,
			);
			path = Extensions;
			sourceTree = "<group>";
		};
		55AB88CD29D3112B00B8CEDE /* Utilities */ = {
			isa = PBXGroup;
			children = (
				55AB88D529D3300A00B8CEDE /* Constants.swift */,
				556242EE29D45DE800655927 /* SoundPlayer.swift */,
			);
			path = Utilities;
			sourceTree = "<group>";
		};
		55AB88CE29D3113500B8CEDE /* Styles */ = {
			isa = PBXGroup;
			children = (
				55AB88E329D3BB3C00B8CEDE /* CheckboxStyle.swift */,
			);
			path = Styles;
			sourceTree = "<group>";
		};
		55AB88CF29D3115700B8CEDE /* Models */ = {
			isa = PBXGroup;
			children = (
				55AB88BA29D30E0D00B8CEDE /* Persistence.swift */,
				55AB88BC29D30E0D00B8CEDE /* Devote.xcdatamodeld */,
			);
			path = Models;
			sourceTree = "<group>";
		};
/* End PBXGroup section */

/* Begin PBXNativeTarget section */
		556242F329D48B3500655927 /* DevoteWidgetExtension */ = {
			isa = PBXNativeTarget;
			buildConfigurationList = 5562430529D48B3600655927 /* Build configuration list for PBXNativeTarget "DevoteWidgetExtension" */;
			buildPhases = (
				556242F029D48B3500655927 /* Sources */,
				556242F129D48B3500655927 /* Frameworks */,
				556242F229D48B3500655927 /* Resources */,
			);
			buildRules = (
			);
			dependencies = (
			);
			name = DevoteWidgetExtension;
			productName = DevoteWidgetExtension;
			productReference = 556242F429D48B3500655927 /* DevoteWidgetExtension.appex */;
			productType = "com.apple.product-type.app-extension";
		};
		55AB88AD29D30E0C00B8CEDE /* Devote */ = {
			isa = PBXNativeTarget;
			buildConfigurationList = 55AB88C129D30E0D00B8CEDE /* Build configuration list for PBXNativeTarget "Devote" */;
			buildPhases = (
				55AB88AA29D30E0C00B8CEDE /* Sources */,
				55AB88AB29D30E0C00B8CEDE /* Frameworks */,
				55AB88AC29D30E0C00B8CEDE /* Resources */,
				5562430829D48B3600655927 /* Embed Foundation Extensions */,
			);
			buildRules = (
			);
			dependencies = (
				5562430329D48B3600655927 /* PBXTargetDependency */,
			);
			name = Devote;
			productName = Devote;
			productReference = 55AB88AE29D30E0C00B8CEDE /* Devote.app */;
			productType = "com.apple.product-type.application";
		};
/* End PBXNativeTarget section */

/* Begin PBXProject section */
		55AB88A629D30E0C00B8CEDE /* Project object */ = {
			isa = PBXProject;
			attributes = {
				BuildIndependentTargetsInParallel = 1;
				LastSwiftUpdateCheck = 1420;
				LastUpgradeCheck = 1420;
				TargetAttributes = {
					556242F329D48B3500655927 = {
						CreatedOnToolsVersion = 14.2;
					};
					55AB88AD29D30E0C00B8CEDE = {
						CreatedOnToolsVersion = 14.2;
					};
				};
			};
			buildConfigurationList = 55AB88A929D30E0C00B8CEDE /* Build configuration list for PBXProject "Devote" */;
			compatibilityVersion = "Xcode 14.0";
			developmentRegion = en;
			hasScannedForEncodings = 0;
			knownRegions = (
				en,
				Base,
			);
			mainGroup = 55AB88A529D30E0C00B8CEDE;
			productRefGroup = 55AB88AF29D30E0C00B8CEDE /* Products */;
			projectDirPath = "";
			projectRoot = "";
			targets = (
				55AB88AD29D30E0C00B8CEDE /* Devote */,
				556242F329D48B3500655927 /* DevoteWidgetExtension */,
			);
		};
/* End PBXProject section */

/* Begin PBXResourcesBuildPhase section */
		556242F229D48B3500655927 /* Resources */ = {
			isa = PBXResourcesBuildPhase;
			buildActionMask = 2147483647;
			files = (
				5562430929D490FA00655927 /* Assets.xcassets in Resources */,
				5562430029D48B3600655927 /* Assets.xcassets in Resources */,
			);
			runOnlyForDeploymentPostprocessing = 0;
		};
		55AB88AC29D30E0C00B8CEDE /* Resources */ = {
			isa = PBXResourcesBuildPhase;
			buildActionMask = 2147483647;
			files = (
				55AB88CA29D310F000B8CEDE /* sound-ding.mp3 in Resources */,
				55AB88C829D310F000B8CEDE /* sound-rise.mp3 in Resources */,
				55AB88B929D30E0D00B8CEDE /* Preview Assets.xcassets in Resources */,
				55AB88C929D310F000B8CEDE /* sound-tap.mp3 in Resources */,
				55AB88B629D30E0D00B8CEDE /* Assets.xcassets in Resources */,
			);
			runOnlyForDeploymentPostprocessing = 0;
		};
/* End PBXResourcesBuildPhase section */

/* Begin PBXSourcesBuildPhase section */
		556242F029D48B3500655927 /* Sources */ = {
			isa = PBXSourcesBuildPhase;
			buildActionMask = 2147483647;
			files = (
				556242FE29D48B3500655927 /* DevoteWidget.swift in Sources */,
				556242FC29D48B3500655927 /* DevoteWidgetBundle.swift in Sources */,
				5562430A29D4918D00655927 /* Constants.swift in Sources */,
			);
			runOnlyForDeploymentPostprocessing = 0;
		};
		55AB88AA29D30E0C00B8CEDE /* Sources */ = {
			isa = PBXSourcesBuildPhase;
			buildActionMask = 2147483647;
			files = (
				55AB88D629D3300A00B8CEDE /* Constants.swift in Sources */,
				55AB88DA29D38C6E00B8CEDE /* BackgroundImageView.swift in Sources */,
				55AB88BB29D30E0D00B8CEDE /* Persistence.swift in Sources */,
				55AB88D829D373CB00B8CEDE /* HideKeyboardExtension.swift in Sources */,
				55AB88E029D3947C00B8CEDE /* BlankView.swift in Sources */,
				55AB88B429D30E0C00B8CEDE /* ContentView.swift in Sources */,
				55AB88E229D3B7AF00B8CEDE /* ListRowItemView.swift in Sources */,
				55AB88BE29D30E0D00B8CEDE /* Devote.xcdatamodeld in Sources */,
				55AB88B229D30E0C00B8CEDE /* DevoteApp.swift in Sources */,
				55AB88E429D3BB3C00B8CEDE /* CheckboxStyle.swift in Sources */,
				556242EF29D45DE800655927 /* SoundPlayer.swift in Sources */,
				55AB88DC29D38E6200B8CEDE /* NewTaskItemView.swift in Sources */,
			);
			runOnlyForDeploymentPostprocessing = 0;
		};
/* End PBXSourcesBuildPhase section */

/* Begin PBXTargetDependency section */
		5562430329D48B3600655927 /* PBXTargetDependency */ = {
			isa = PBXTargetDependency;
			target = 556242F329D48B3500655927 /* DevoteWidgetExtension */;
			targetProxy = 5562430229D48B3600655927 /* PBXContainerItemProxy */;
		};
/* End PBXTargetDependency section */

/* Begin XCBuildConfiguration section */
		5562430629D48B3600655927 /* Debug */ = {
			isa = XCBuildConfiguration;
			buildSettings = {
				ASSETCATALOG_COMPILER_GLOBAL_ACCENT_COLOR_NAME = AccentColor;
				ASSETCATALOG_COMPILER_WIDGET_BACKGROUND_COLOR_NAME = WidgetBackground;
				CODE_SIGN_STYLE = Automatic;
				CURRENT_PROJECT_VERSION = 1;
				DEVELOPMENT_TEAM = 3W6S8FM5ZF;
				GENERATE_INFOPLIST_FILE = YES;
				INFOPLIST_FILE = DevoteWidget/Info.plist;
				INFOPLIST_KEY_CFBundleDisplayName = DevoteWidget;
				INFOPLIST_KEY_NSHumanReadableCopyright = "";
				LD_RUNPATH_SEARCH_PATHS = (
					"$(inherited)",
					"@executable_path/Frameworks",
					"@executable_path/../../Frameworks",
				);
				MARKETING_VERSION = 1.0;
				PRODUCT_BUNDLE_IDENTIFIER = com.iniongungroup.Devote.DevoteWidget;
				PRODUCT_NAME = "$(TARGET_NAME)";
				SKIP_INSTALL = YES;
				SWIFT_EMIT_LOC_STRINGS = YES;
				SWIFT_VERSION = 5.0;
				TARGETED_DEVICE_FAMILY = "1,2";
			};
			name = Debug;
		};
		5562430729D48B3600655927 /* Release */ = {
			isa = XCBuildConfiguration;
			buildSettings = {
				ASSETCATALOG_COMPILER_GLOBAL_ACCENT_COLOR_NAME = AccentColor;
				ASSETCATALOG_COMPILER_WIDGET_BACKGROUND_COLOR_NAME = WidgetBackground;
				CODE_SIGN_STYLE = Automatic;
				CURRENT_PROJECT_VERSION = 1;
				DEVELOPMENT_TEAM = 3W6S8FM5ZF;
				GENERATE_INFOPLIST_FILE = YES;
				INFOPLIST_FILE = DevoteWidget/Info.plist;
				INFOPLIST_KEY_CFBundleDisplayName = DevoteWidget;
				INFOPLIST_KEY_NSHumanReadableCopyright = "";
				LD_RUNPATH_SEARCH_PATHS = (
					"$(inherited)",
					"@executable_path/Frameworks",
					"@executable_path/../../Frameworks",
				);
				MARKETING_VERSION = 1.0;
				PRODUCT_BUNDLE_IDENTIFIER = com.iniongungroup.Devote.DevoteWidget;
				PRODUCT_NAME = "$(TARGET_NAME)";
				SKIP_INSTALL = YES;
				SWIFT_EMIT_LOC_STRINGS = YES;
				SWIFT_VERSION = 5.0;
				TARGETED_DEVICE_FAMILY = "1,2";
			};
			name = Release;
		};
		55AB88BF29D30E0D00B8CEDE /* Debug */ = {
			isa = XCBuildConfiguration;
			buildSettings = {
				ALWAYS_SEARCH_USER_PATHS = NO;
				CLANG_ANALYZER_NONNULL = YES;
				CLANG_ANALYZER_NUMBER_OBJECT_CONVERSION = YES_AGGRESSIVE;
				CLANG_CXX_LANGUAGE_STANDARD = "gnu++20";
				CLANG_ENABLE_MODULES = YES;
				CLANG_ENABLE_OBJC_ARC = YES;
				CLANG_ENABLE_OBJC_WEAK = YES;
				CLANG_WARN_BLOCK_CAPTURE_AUTORELEASING = YES;
				CLANG_WARN_BOOL_CONVERSION = YES;
				CLANG_WARN_COMMA = YES;
				CLANG_WARN_CONSTANT_CONVERSION = YES;
				CLANG_WARN_DEPRECATED_OBJC_IMPLEMENTATIONS = YES;
				CLANG_WARN_DIRECT_OBJC_ISA_USAGE = YES_ERROR;
				CLANG_WARN_DOCUMENTATION_COMMENTS = YES;
				CLANG_WARN_EMPTY_BODY = YES;
				CLANG_WARN_ENUM_CONVERSION = YES;
				CLANG_WARN_INFINITE_RECURSION = YES;
				CLANG_WARN_INT_CONVERSION = YES;
				CLANG_WARN_NON_LITERAL_NULL_CONVERSION = YES;
				CLANG_WARN_OBJC_IMPLICIT_RETAIN_SELF = YES;
				CLANG_WARN_OBJC_LITERAL_CONVERSION = YES;
				CLANG_WARN_OBJC_ROOT_CLASS = YES_ERROR;
				CLANG_WARN_QUOTED_INCLUDE_IN_FRAMEWORK_HEADER = YES;
				CLANG_WARN_RANGE_LOOP_ANALYSIS = YES;
				CLANG_WARN_STRICT_PROTOTYPES = YES;
				CLANG_WARN_SUSPICIOUS_MOVE = YES;
				CLANG_WARN_UNGUARDED_AVAILABILITY = YES_AGGRESSIVE;
				CLANG_WARN_UNREACHABLE_CODE = YES;
				CLANG_WARN__DUPLICATE_METHOD_MATCH = YES;
				COPY_PHASE_STRIP = NO;
				DEBUG_INFORMATION_FORMAT = dwarf;
				ENABLE_STRICT_OBJC_MSGSEND = YES;
				ENABLE_TESTABILITY = YES;
				GCC_C_LANGUAGE_STANDARD = gnu11;
				GCC_DYNAMIC_NO_PIC = NO;
				GCC_NO_COMMON_BLOCKS = YES;
				GCC_OPTIMIZATION_LEVEL = 0;
				GCC_PREPROCESSOR_DEFINITIONS = (
					"DEBUG=1",
					"$(inherited)",
				);
				GCC_WARN_64_TO_32_BIT_CONVERSION = YES;
				GCC_WARN_ABOUT_RETURN_TYPE = YES_ERROR;
				GCC_WARN_UNDECLARED_SELECTOR = YES;
				GCC_WARN_UNINITIALIZED_AUTOS = YES_AGGRESSIVE;
				GCC_WARN_UNUSED_FUNCTION = YES;
				GCC_WARN_UNUSED_VARIABLE = YES;
				IPHONEOS_DEPLOYMENT_TARGET = 16.2;
				MTL_ENABLE_DEBUG_INFO = INCLUDE_SOURCE;
				MTL_FAST_MATH = YES;
				ONLY_ACTIVE_ARCH = YES;
				SDKROOT = iphoneos;
				SWIFT_ACTIVE_COMPILATION_CONDITIONS = DEBUG;
				SWIFT_OPTIMIZATION_LEVEL = "-Onone";
			};
			name = Debug;
		};
		55AB88C029D30E0D00B8CEDE /* Release */ = {
			isa = XCBuildConfiguration;
			buildSettings = {
				ALWAYS_SEARCH_USER_PATHS = NO;
				CLANG_ANALYZER_NONNULL = YES;
				CLANG_ANALYZER_NUMBER_OBJECT_CONVERSION = YES_AGGRESSIVE;
				CLANG_CXX_LANGUAGE_STANDARD = "gnu++20";
				CLANG_ENABLE_MODULES = YES;
				CLANG_ENABLE_OBJC_ARC = YES;
				CLANG_ENABLE_OBJC_WEAK = YES;
				CLANG_WARN_BLOCK_CAPTURE_AUTORELEASING = YES;
				CLANG_WARN_BOOL_CONVERSION = YES;
				CLANG_WARN_COMMA = YES;
				CLANG_WARN_CONSTANT_CONVERSION = YES;
				CLANG_WARN_DEPRECATED_OBJC_IMPLEMENTATIONS = YES;
				CLANG_WARN_DIRECT_OBJC_ISA_USAGE = YES_ERROR;
				CLANG_WARN_DOCUMENTATION_COMMENTS = YES;
				CLANG_WARN_EMPTY_BODY = YES;
				CLANG_WARN_ENUM_CONVERSION = YES;
				CLANG_WARN_INFINITE_RECURSION = YES;
				CLANG_WARN_INT_CONVERSION = YES;
				CLANG_WARN_NON_LITERAL_NULL_CONVERSION = YES;
				CLANG_WARN_OBJC_IMPLICIT_RETAIN_SELF = YES;
				CLANG_WARN_OBJC_LITERAL_CONVERSION = YES;
				CLANG_WARN_OBJC_ROOT_CLASS = YES_ERROR;
				CLANG_WARN_QUOTED_INCLUDE_IN_FRAMEWORK_HEADER = YES;
				CLANG_WARN_RANGE_LOOP_ANALYSIS = YES;
				CLANG_WARN_STRICT_PROTOTYPES = YES;
				CLANG_WARN_SUSPICIOUS_MOVE = YES;
				CLANG_WARN_UNGUARDED_AVAILABILITY = YES_AGGRESSIVE;
				CLANG_WARN_UNREACHABLE_CODE = YES;
				CLANG_WARN__DUPLICATE_METHOD_MATCH = YES;
				COPY_PHASE_STRIP = NO;
				DEBUG_INFORMATION_FORMAT = "dwarf-with-dsym";
				ENABLE_NS_ASSERTIONS = NO;
				ENABLE_STRICT_OBJC_MSGSEND = YES;
				GCC_C_LANGUAGE_STANDARD = gnu11;
				GCC_NO_COMMON_BLOCKS = YES;
				GCC_WARN_64_TO_32_BIT_CONVERSION = YES;
				GCC_WARN_ABOUT_RETURN_TYPE = YES_ERROR;
				GCC_WARN_UNDECLARED_SELECTOR = YES;
				GCC_WARN_UNINITIALIZED_AUTOS = YES_AGGRESSIVE;
				GCC_WARN_UNUSED_FUNCTION = YES;
				GCC_WARN_UNUSED_VARIABLE = YES;
				IPHONEOS_DEPLOYMENT_TARGET = 16.2;
				MTL_ENABLE_DEBUG_INFO = NO;
				MTL_FAST_MATH = YES;
				SDKROOT = iphoneos;
				SWIFT_COMPILATION_MODE = wholemodule;
				SWIFT_OPTIMIZATION_LEVEL = "-O";
				VALIDATE_PRODUCT = YES;
			};
			name = Release;
		};
		55AB88C229D30E0D00B8CEDE /* Debug */ = {
			isa = XCBuildConfiguration;
			buildSettings = {
				ALWAYS_EMBED_SWIFT_STANDARD_LIBRARIES = YES;
				ASSETCATALOG_COMPILER_APPICON_NAME = AppIcon;
				ASSETCATALOG_COMPILER_GLOBAL_ACCENT_COLOR_NAME = AccentColor;
				CODE_SIGN_STYLE = Automatic;
				CURRENT_PROJECT_VERSION = 1;
				DEVELOPMENT_ASSET_PATHS = "\"Devote/Preview Content\"";
				DEVELOPMENT_TEAM = 3W6S8FM5ZF;
				ENABLE_PREVIEWS = YES;
				GENERATE_INFOPLIST_FILE = YES;
				INFOPLIST_FILE = Devote/Info.plist;
				INFOPLIST_KEY_UIApplicationSceneManifest_Generation = YES;
				INFOPLIST_KEY_UIApplicationSupportsIndirectInputEvents = YES;
				INFOPLIST_KEY_UISupportedInterfaceOrientations = UIInterfaceOrientationPortrait;
				INFOPLIST_KEY_UISupportedInterfaceOrientations_iPad = "UIInterfaceOrientationLandscapeLeft UIInterfaceOrientationLandscapeRight UIInterfaceOrientationPortrait UIInterfaceOrientationPortraitUpsideDown";
				LD_RUNPATH_SEARCH_PATHS = (
					"$(inherited)",
					"@executable_path/Frameworks",
				);
				MARKETING_VERSION = 1.0;
				PRODUCT_BUNDLE_IDENTIFIER = com.iniongungroup.Devote;
				PRODUCT_NAME = "$(TARGET_NAME)";
				SWIFT_EMIT_LOC_STRINGS = YES;
				SWIFT_VERSION = 5.0;
				TARGETED_DEVICE_FAMILY = "1,2";
			};
			name = Debug;
		};
		55AB88C329D30E0D00B8CEDE /* Release */ = {
			isa = XCBuildConfiguration;
			buildSettings = {
				ALWAYS_EMBED_SWIFT_STANDARD_LIBRARIES = YES;
				ASSETCATALOG_COMPILER_APPICON_NAME = AppIcon;
				ASSETCATALOG_COMPILER_GLOBAL_ACCENT_COLOR_NAME = AccentColor;
				CODE_SIGN_STYLE = Automatic;
				CURRENT_PROJECT_VERSION = 1;
				DEVELOPMENT_ASSET_PATHS = "\"Devote/Preview Content\"";
				DEVELOPMENT_TEAM = 3W6S8FM5ZF;
				ENABLE_PREVIEWS = YES;
				GENERATE_INFOPLIST_FILE = YES;
				INFOPLIST_FILE = Devote/Info.plist;
				INFOPLIST_KEY_UIApplicationSceneManifest_Generation = YES;
				INFOPLIST_KEY_UIApplicationSupportsIndirectInputEvents = YES;
				INFOPLIST_KEY_UISupportedInterfaceOrientations = UIInterfaceOrientationPortrait;
				INFOPLIST_KEY_UISupportedInterfaceOrientations_iPad = "UIInterfaceOrientationLandscapeLeft UIInterfaceOrientationLandscapeRight UIInterfaceOrientationPortrait UIInterfaceOrientationPortraitUpsideDown";
				LD_RUNPATH_SEARCH_PATHS = (
					"$(inherited)",
					"@executable_path/Frameworks",
				);
				MARKETING_VERSION = 1.0;
				PRODUCT_BUNDLE_IDENTIFIER = com.iniongungroup.Devote;
				PRODUCT_NAME = "$(TARGET_NAME)";
				SWIFT_EMIT_LOC_STRINGS = YES;
				SWIFT_VERSION = 5.0;
				TARGETED_DEVICE_FAMILY = "1,2";
			};
			name = Release;
		};
/* End XCBuildConfiguration section */

/* Begin XCConfigurationList section */
		5562430529D48B3600655927 /* Build configuration list for PBXNativeTarget "DevoteWidgetExtension" */ = {
			isa = XCConfigurationList;
			buildConfigurations = (
				5562430629D48B3600655927 /* Debug */,
				5562430729D48B3600655927 /* Release */,
			);
			defaultConfigurationIsVisible = 0;
			defaultConfigurationName = Release;
		};
		55AB88A929D30E0C00B8CEDE /* Build configuration list for PBXProject "Devote" */ = {
			isa = XCConfigurationList;
			buildConfigurations = (
				55AB88BF29D30E0D00B8CEDE /* Debug */,
				55AB88C029D30E0D00B8CEDE /* Release */,
			);
			defaultConfigurationIsVisible = 0;
			defaultConfigurationName = Release;
		};
		55AB88C129D30E0D00B8CEDE /* Build configuration list for PBXNativeTarget "Devote" */ = {
			isa = XCConfigurationList;
			buildConfigurations = (
				55AB88C229D30E0D00B8CEDE /* Debug */,
				55AB88C329D30E0D00B8CEDE /* Release */,
			);
			defaultConfigurationIsVisible = 0;
			defaultConfigurationName = Release;
		};
/* End XCConfigurationList section */

/* Begin XCVersionGroup section */
		55AB88BC29D30E0D00B8CEDE /* Devote.xcdatamodeld */ = {
			isa = XCVersionGroup;
			children = (
				55AB88BD29D30E0D00B8CEDE /* Devote.xcdatamodel */,
			);
			currentVersion = 55AB88BD29D30E0D00B8CEDE /* Devote.xcdatamodel */;
			path = Devote.xcdatamodeld;
			sourceTree = "<group>";
			versionGroupType = wrapper.xcdatamodel;
		};
/* End XCVersionGroup section */
	};
	rootObject = 55AB88A629D30E0C00B8CEDE /* Project object */;
}
